
Microsoft Visual Studio Solution File, Format Version 12.00
# Visual Studio Version 17
VisualStudioVersion = 17.11.35327.3
MinimumVisualStudioVersion = 10.0.40219.1
Project("{FAE04EC0-301F-11D3-BF4B-00C04F79EFBC}") = "Filip_Andrei_Lab2", "Filip_Andrei_Lab2.csproj", "{FB3B2F30-7DD6-4B25-A503-BA7CA7689DBB}"
EndProject
Global
	GlobalSection(SolutionConfigurationPlatforms) = preSolution
		Debug|Any CPU = Debug|Any CPU
		Release|Any CPU = Release|Any CPU
	EndGlobalSection
	GlobalSection(ProjectConfigurationPlatforms) = postSolution
		{FB3B2F30-7DD6-4B25-A503-BA7CA7689DBB}.Debug|Any CPU.ActiveCfg = Debug|Any CPU
		{FB3B2F30-7DD6-4B25-A503-BA7CA7689DBB}.Debug|Any CPU.Build.0 = Debug|Any CPU
		{FB3B2F30-7DD6-4B25-A503-BA7CA7689DBB}.Release|Any CPU.ActiveCfg = Release|Any CPU
		{FB3B2F30-7DD6-4B25-A503-BA7CA7689DBB}.Release|Any CPU.Build.0 = Release|Any CPU
	EndGlobalSection
	GlobalSection(SolutionProperties) = preSolution
		HideSolutionNode = FALSE
	EndGlobalSection
	GlobalSection(ExtensibilityGlobals) = postSolution
		SolutionGuid = {DC0A4FAC-3000-4FBD-8596-DCAB79415927}
	EndGlobalSection
EndGlobal
